{
  "name": "@axa-fr/react-toolkit-restitution",
  "version": "1.0.0",
  "lockfileVersion": 1,
  "requires": true,
  "dependencies": {
    "@axa-fr/react-toolkit-action": {
      "version": "1.0.0",
      "requires": {
        "@axa-fr/react-toolkit-core": "^1.0.0",
        "prop-types": "^15.5.10",
        "recompose": "^0.27.1"
      },
      "dependencies": {
        "@axa-fr/react-toolkit-core": {
          "version": "1.0.0",
          "bundled": true,
          "requires": {
            "classnames": "^2.2.6",
            "cuid": "^2.1.1",
            "prop-types": "^15.5.10",
            "recompose": "^0.27.1"
          },
          "dependencies": {
            "asap": {
              "version": "2.0.6",
              "bundled": true
            },
            "babel-runtime": {
              "version": "6.26.0",
              "bundled": true,
              "requires": {
                "core-js": "^2.4.0",
                "regenerator-runtime": "^0.11.0"
              }
            },
            "change-emitter": {
              "version": "0.1.6",
              "bundled": true
            },
            "classnames": {
              "version": "2.2.6",
              "bundled": true
            },
            "core-js": {
              "version": "2.5.7",
              "bundled": true
            },
            "cuid": {
              "version": "2.1.4",
              "bundled": true
            },
            "encoding": {
              "version": "0.1.12",
              "bundled": true,
              "requires": {
                "iconv-lite": "~0.4.13"
              }
            },
            "fbjs": {
              "version": "0.8.17",
              "bundled": true,
              "requires": {
                "core-js": "^1.0.0",
                "isomorphic-fetch": "^2.1.1",
                "loose-envify": "^1.0.0",
                "object-assign": "^4.1.0",
                "promise": "^7.1.1",
                "setimmediate": "^1.0.5",
                "ua-parser-js": "^0.7.18"
              },
              "dependencies": {
                "core-js": {
                  "version": "1.2.7",
                  "bundled": true
                }
              }
            },
            "hoist-non-react-statics": {
              "version": "2.5.5",
              "bundled": true
            },
            "iconv-lite": {
              "version": "0.4.24",
              "bundled": true,
              "requires": {
                "safer-buffer": ">= 2.1.2 < 3"
              }
            },
            "is-stream": {
              "version": "1.1.0",
              "bundled": true
            },
            "isomorphic-fetch": {
              "version": "2.2.1",
              "bundled": true,
              "requires": {
                "node-fetch": "^1.0.1",
                "whatwg-fetch": ">=0.10.0"
              }
            },
            "js-tokens": {
              "version": "4.0.0",
              "bundled": true
            },
            "loose-envify": {
              "version": "1.4.0",
              "bundled": true,
              "requires": {
                "js-tokens": "^3.0.0 || ^4.0.0"
              }
            },
            "node-fetch": {
              "version": "1.7.3",
              "bundled": true,
              "requires": {
                "encoding": "^0.1.11",
                "is-stream": "^1.0.1"
              }
            },
            "object-assign": {
              "version": "4.1.1",
              "bundled": true
            },
            "promise": {
              "version": "7.3.1",
              "bundled": true,
              "requires": {
                "asap": "~2.0.3"
              }
            },
            "prop-types": {
              "version": "15.6.2",
              "bundled": true,
              "requires": {
                "loose-envify": "^1.3.1",
                "object-assign": "^4.1.1"
              }
            },
            "react-lifecycles-compat": {
              "version": "3.0.4",
              "bundled": true
            },
            "recompose": {
              "version": "0.27.1",
              "bundled": true,
              "requires": {
                "babel-runtime": "^6.26.0",
                "change-emitter": "^0.1.2",
                "fbjs": "^0.8.1",
                "hoist-non-react-statics": "^2.3.1",
                "react-lifecycles-compat": "^3.0.2",
                "symbol-observable": "^1.0.4"
              }
            },
            "regenerator-runtime": {
              "version": "0.11.1",
              "bundled": true
            },
            "safer-buffer": {
              "version": "2.1.2",
              "bundled": true
            },
            "setimmediate": {
              "version": "1.0.5",
              "bundled": true
            },
            "symbol-observable": {
              "version": "1.2.0",
              "bundled": true
            },
            "ua-parser-js": {
              "version": "0.7.19",
              "bundled": true
            },
            "whatwg-fetch": {
              "version": "3.0.0",
              "bundled": true
            }
          }
        },
        "ansi-cyan": {
          "version": "0.1.1",
          "bundled": true,
          "requires": {
            "ansi-wrap": "0.1.0"
          }
        },
        "ansi-gray": {
          "version": "0.1.1",
          "bundled": true,
          "requires": {
            "ansi-wrap": "0.1.0"
          }
        },
        "ansi-red": {
          "version": "0.1.1",
          "bundled": true,
          "requires": {
            "ansi-wrap": "0.1.0"
          }
        },
        "ansi-styles": {
          "version": "3.2.1",
          "bundled": true,
          "requires": {
            "color-convert": "^1.9.0"
          }
        },
        "ansi-wrap": {
          "version": "0.1.0",
          "bundled": true
        },
        "arr-diff": {
          "version": "1.1.0",
          "bundled": true,
          "requires": {
            "arr-flatten": "^1.0.1",
            "array-slice": "^0.2.3"
          }
        },
        "arr-flatten": {
          "version": "1.1.0",
          "bundled": true
        },
        "arr-union": {
          "version": "2.1.0",
          "bundled": true
        },
        "array-slice": {
          "version": "0.2.3",
          "bundled": true
        },
        "asap": {
          "version": "2.0.6",
          "bundled": true
        },
        "async": {
          "version": "2.6.1",
          "bundled": true,
          "requires": {
            "lodash": "^4.17.10"
          }
        },
        "babel-runtime": {
          "version": "6.26.0",
          "bundled": true,
          "requires": {
            "core-js": "^2.4.0",
            "regenerator-runtime": "^0.11.0"
          }
        },
        "chalk": {
          "version": "2.4.1",
          "bundled": true,
          "requires": {
            "ansi-styles": "^3.2.1",
            "escape-string-regexp": "^1.0.5",
            "supports-color": "^5.3.0"
          }
        },
        "change-emitter": {
          "version": "0.1.6",
          "bundled": true
        },
        "color-convert": {
          "version": "1.9.3",
          "bundled": true,
          "requires": {
            "color-name": "1.1.3"
          }
        },
        "color-name": {
          "version": "1.1.3",
          "bundled": true
        },
        "color-support": {
          "version": "1.1.3",
          "bundled": true
        },
        "core-js": {
          "version": "2.5.7",
          "bundled": true
        },
        "core-util-is": {
          "version": "1.0.2",
          "bundled": true
        },
        "encoding": {
          "version": "0.1.12",
          "bundled": true,
          "requires": {
            "iconv-lite": "~0.4.13"
          }
        },
        "escape-string-regexp": {
          "version": "1.0.5",
          "bundled": true
        },
        "extend-shallow": {
          "version": "1.1.4",
          "bundled": true,
          "requires": {
            "kind-of": "^1.1.0"
          }
        },
        "fancy-log": {
          "version": "1.3.2",
          "bundled": true,
          "requires": {
            "ansi-gray": "^0.1.1",
            "color-support": "^1.1.3",
            "time-stamp": "^1.0.0"
          }
        },
        "fbjs": {
          "version": "0.8.17",
          "bundled": true,
          "requires": {
            "core-js": "^1.0.0",
            "isomorphic-fetch": "^2.1.1",
            "loose-envify": "^1.0.0",
            "object-assign": "^4.1.0",
            "promise": "^7.1.1",
            "setimmediate": "^1.0.5",
            "ua-parser-js": "^0.7.18"
          },
          "dependencies": {
            "core-js": {
              "version": "1.2.7",
              "bundled": true
            }
          }
        },
        "gulp-shell": {
          "version": "0.6.5",
          "bundled": true,
          "requires": {
            "async": "^2.1.5",
            "chalk": "^2.3.0",
            "fancy-log": "^1.3.2",
            "lodash": "^4.17.4",
            "lodash.template": "^4.4.0",
            "plugin-error": "^0.1.2",
            "through2": "^2.0.3"
          }
        },
        "has-flag": {
          "version": "3.0.0",
          "bundled": true
        },
        "hoist-non-react-statics": {
          "version": "2.5.5",
          "bundled": true
        },
        "iconv-lite": {
          "version": "0.4.24",
          "bundled": true,
          "requires": {
            "safer-buffer": ">= 2.1.2 < 3"
          }
        },
        "inherits": {
          "version": "2.0.3",
          "bundled": true
        },
        "is-stream": {
          "version": "1.1.0",
          "bundled": true
        },
        "isarray": {
          "version": "1.0.0",
          "bundled": true
        },
        "isomorphic-fetch": {
          "version": "2.2.1",
          "bundled": true,
          "requires": {
            "node-fetch": "^1.0.1",
            "whatwg-fetch": ">=0.10.0"
          }
        },
        "js-tokens": {
          "version": "4.0.0",
          "bundled": true
        },
        "kind-of": {
          "version": "1.1.0",
          "bundled": true
        },
        "lodash": {
          "version": "4.17.11",
          "bundled": true
        },
        "lodash._reinterpolate": {
          "version": "3.0.0",
          "bundled": true
        },
        "lodash.template": {
          "version": "4.4.0",
          "bundled": true,
          "requires": {
            "lodash._reinterpolate": "~3.0.0",
            "lodash.templatesettings": "^4.0.0"
          }
        },
        "lodash.templatesettings": {
          "version": "4.1.0",
          "bundled": true,
          "requires": {
            "lodash._reinterpolate": "~3.0.0"
          }
        },
        "loose-envify": {
          "version": "1.4.0",
          "bundled": true,
          "requires": {
            "js-tokens": "^3.0.0 || ^4.0.0"
          }
        },
        "node-fetch": {
          "version": "1.7.3",
          "bundled": true,
          "requires": {
            "encoding": "^0.1.11",
            "is-stream": "^1.0.1"
          }
        },
        "object-assign": {
          "version": "4.1.1",
          "bundled": true
        },
        "plugin-error": {
          "version": "0.1.2",
          "bundled": true,
          "requires": {
            "ansi-cyan": "^0.1.1",
            "ansi-red": "^0.1.1",
            "arr-diff": "^1.0.1",
            "arr-union": "^2.0.1",
            "extend-shallow": "^1.1.2"
          }
        },
        "process-nextick-args": {
          "version": "2.0.0",
          "bundled": true
        },
        "promise": {
          "version": "7.3.1",
          "bundled": true,
          "requires": {
            "asap": "~2.0.3"
          }
        },
        "prop-types": {
          "version": "15.6.2",
          "bundled": true,
          "requires": {
            "loose-envify": "^1.3.1",
            "object-assign": "^4.1.1"
          }
        },
        "react-lifecycles-compat": {
          "version": "3.0.4",
          "bundled": true
        },
        "readable-stream": {
          "version": "2.3.6",
          "bundled": true,
          "requires": {
            "core-util-is": "~1.0.0",
            "inherits": "~2.0.3",
            "isarray": "~1.0.0",
            "process-nextick-args": "~2.0.0",
            "safe-buffer": "~5.1.1",
            "string_decoder": "~1.1.1",
            "util-deprecate": "~1.0.1"
          }
        },
        "recompose": {
          "version": "0.27.1",
          "bundled": true,
          "requires": {
            "babel-runtime": "^6.26.0",
            "change-emitter": "^0.1.2",
            "fbjs": "^0.8.1",
            "hoist-non-react-statics": "^2.3.1",
            "react-lifecycles-compat": "^3.0.2",
            "symbol-observable": "^1.0.4"
          }
        },
        "regenerator-runtime": {
          "version": "0.11.1",
          "bundled": true
        },
        "safe-buffer": {
          "version": "5.1.2",
          "bundled": true
        },
        "safer-buffer": {
          "version": "2.1.2",
          "bundled": true
        },
        "setimmediate": {
          "version": "1.0.5",
          "bundled": true
        },
        "string_decoder": {
          "version": "1.1.1",
          "bundled": true,
          "requires": {
            "safe-buffer": "~5.1.0"
          }
        },
        "supports-color": {
          "version": "5.5.0",
          "bundled": true,
          "requires": {
            "has-flag": "^3.0.0"
          }
        },
        "symbol-observable": {
          "version": "1.2.0",
          "bundled": true
        },
        "through2": {
          "version": "2.0.5",
          "bundled": true,
          "requires": {
            "readable-stream": "~2.3.6",
            "xtend": "~4.0.1"
          }
        },
        "time-stamp": {
          "version": "1.1.0",
          "bundled": true
        },
        "ua-parser-js": {
          "version": "0.7.19",
          "bundled": true
        },
        "util-deprecate": {
          "version": "1.0.2",
          "bundled": true
        },
        "whatwg-fetch": {
          "version": "3.0.0",
          "bundled": true
        },
        "xtend": {
          "version": "4.0.1",
          "bundled": true
        }
      }
    },
    "@axa-fr/react-toolkit-core": {
      "version": "1.0.0",
      "requires": {
        "classnames": "^2.2.6",
        "cuid": "^2.1.1",
        "prop-types": "^15.5.10",
        "recompose": "^0.27.1"
      },
      "dependencies": {
        "asap": {
          "version": "2.0.6",
          "bundled": true
        },
        "babel-runtime": {
          "version": "6.26.0",
          "bundled": true,
          "requires": {
            "core-js": "^2.4.0",
            "regenerator-runtime": "^0.11.0"
          }
        },
        "change-emitter": {
          "version": "0.1.6",
          "bundled": true
        },
        "classnames": {
          "version": "2.2.6",
          "bundled": true
        },
        "core-js": {
          "version": "2.5.7",
          "bundled": true
        },
        "cuid": {
          "version": "2.1.4",
          "bundled": true
        },
        "encoding": {
          "version": "0.1.12",
          "bundled": true,
          "requires": {
            "iconv-lite": "~0.4.13"
          }
        },
        "fbjs": {
          "version": "0.8.17",
          "bundled": true,
          "requires": {
            "core-js": "^1.0.0",
            "isomorphic-fetch": "^2.1.1",
            "loose-envify": "^1.0.0",
            "object-assign": "^4.1.0",
            "promise": "^7.1.1",
            "setimmediate": "^1.0.5",
            "ua-parser-js": "^0.7.18"
          },
          "dependencies": {}
        },
        "hoist-non-react-statics": {
          "version": "2.5.5",
          "bundled": true
        },
        "iconv-lite": {
          "version": "0.4.24",
          "bundled": true,
          "requires": {
            "safer-buffer": ">= 2.1.2 < 3"
          }
        },
        "is-stream": {
          "version": "1.1.0",
          "bundled": true
        },
        "isomorphic-fetch": {
          "version": "2.2.1",
          "bundled": true,
          "requires": {
            "node-fetch": "^1.0.1",
            "whatwg-fetch": ">=0.10.0"
          }
        },
        "js-tokens": {
          "version": "4.0.0",
          "bundled": true
        },
        "loose-envify": {
          "version": "1.4.0",
          "bundled": true,
          "requires": {
            "js-tokens": "^3.0.0 || ^4.0.0"
          }
        },
        "node-fetch": {
          "version": "1.7.3",
          "bundled": true,
          "requires": {
            "encoding": "^0.1.11",
            "is-stream": "^1.0.1"
          }
        },
        "object-assign": {
          "version": "4.1.1",
          "bundled": true
        },
        "promise": {
          "version": "7.3.1",
          "bundled": true,
          "requires": {
            "asap": "~2.0.3"
          }
        },
        "prop-types": {
          "version": "15.6.2",
          "bundled": true,
          "requires": {
            "loose-envify": "^1.3.1",
            "object-assign": "^4.1.1"
          }
        },
        "react-lifecycles-compat": {
          "version": "3.0.4",
          "bundled": true
        },
        "recompose": {
          "version": "0.27.1",
          "bundled": true,
          "requires": {
            "babel-runtime": "^6.26.0",
            "change-emitter": "^0.1.2",
            "fbjs": "^0.8.1",
            "hoist-non-react-statics": "^2.3.1",
            "react-lifecycles-compat": "^3.0.2",
            "symbol-observable": "^1.0.4"
          }
        },
        "regenerator-runtime": {
          "version": "0.11.1",
          "bundled": true
        },
        "safer-buffer": {
          "version": "2.1.2",
          "bundled": true
        },
        "setimmediate": {
          "version": "1.0.5",
          "bundled": true
        },
        "symbol-observable": {
          "version": "1.2.0",
          "bundled": true
        },
        "ua-parser-js": {
          "version": "0.7.19",
          "bundled": true
        },
        "whatwg-fetch": {
          "version": "3.0.0",
          "bundled": true
        }
      }
    }
  }
}
