{
  "name": "@axa-fr/react-toolkit-form-input-file",
  "version": "1.2.16",
  "lockfileVersion": 1,
  "requires": true,
  "dependencies": {
    "@axa-fr/react-toolkit-button": {
      "version": "1.2.16",
      "requires": {
        "@axa-fr/react-toolkit-core": "^1.2.16",
        "prop-types": "^15.5.10"
      }
    },
    "@axa-fr/react-toolkit-core": {
      "version": "1.2.16",
      "requires": {
        "classnames": "^2.2.6",
        "cuid": "^2.1.1",
        "prop-types": "^15.5.10"
      }
    },
    "@axa-fr/react-toolkit-form-core": {
      "version": "1.2.16",
      "requires": {
        "@axa-fr/react-toolkit-core": "^1.2.16",
        "cuid": "^2.1.3",
        "prop-types": "^15.5.10"
      }
    },
    "@axa-fr/react-toolkit-popover": {
      "version": "1.2.16",
      "requires": {
        "@axa-fr/react-toolkit-core": "^1.2.16",
        "outy": "^0.1.2",
        "prop-types": "^15.5.10",
        "react-popper": "^1.3.3"
      }
    },
    "attr-accept": {
      "version": "1.1.3",
      "resolved": "https://registry.npmjs.org/attr-accept/-/attr-accept-1.1.3.tgz",
      "integrity": "sha512-iT40nudw8zmCweivz6j58g+RT33I4KbaIvRUhjNmDwO2WmsQUxFEZZYZ5w3vXe5x5MX9D7mfvA/XaLOZYFR9EQ==",
      "requires": {
        "core-js": "^2.5.0"
      }
    },
    "core-js": {
      "version": "2.5.7",
      "resolved": "https://registry.npmjs.org/core-js/-/core-js-2.5.7.tgz",
      "integrity": "sha512-RszJCAxg/PP6uzXVXL6BsxSXx/B05oJAQ2vkJRjyjrEcNVycaqOmNb5OTxZPE3xa5gwZduqza6L9JOCenh/Ecw=="
    },
    "js-tokens": {
      "version": "4.0.0",
      "resolved": "https://registry.npmjs.org/js-tokens/-/js-tokens-4.0.0.tgz",
      "integrity": "sha512-RdJUflcE3cUzKiMqQgsCu06FPu9UdIJO0beYbPhHN4k6apgJtifcoCtT9bcxOpYBtpD2kCM6Sbzg4CausW/PKQ=="
    },
    "loose-envify": {
      "version": "1.4.0",
      "resolved": "https://registry.npmjs.org/loose-envify/-/loose-envify-1.4.0.tgz",
      "integrity": "sha512-lyuxPGr/Wfhrlem2CL/UcnUc1zcqKAImBDzukY7Y5F/yQiNdko6+fRLevlw1HgMySw7f611UIY408EtxRSoK3Q==",
      "requires": {
        "js-tokens": "^3.0.0 || ^4.0.0"
      }
    },
    "object-assign": {
      "version": "4.1.1",
      "resolved": "https://registry.npmjs.org/object-assign/-/object-assign-4.1.1.tgz",
      "integrity": "sha1-IQmtx5ZYh8/AXLvUQsrIv7s2CGM="
    },
    "prop-types": {
      "version": "15.6.2",
      "resolved": "https://registry.npmjs.org/prop-types/-/prop-types-15.6.2.tgz",
      "integrity": "sha512-3pboPvLiWD7dkI3qf3KbUe6hKFKa52w+AE0VCqECtf+QHAKgOL37tTaNCnuX1nAAQ4ZhyP+kYVKf8rLmJ/feDQ==",
      "requires": {
        "loose-envify": "^1.3.1",
        "object-assign": "^4.1.1"
      }
    },
    "react-dropzone": {
      "version": "4.3.0",
      "resolved": "https://registry.npmjs.org/react-dropzone/-/react-dropzone-4.3.0.tgz",
      "integrity": "sha512-ULfrLaTSsd8BDa9KVAGCueuq1AN3L14dtMsGGqtP0UwYyjG4Vhf158f/ITSHuSPYkZXbvfcIiOlZsH+e3QWm+Q==",
      "requires": {
        "attr-accept": "^1.1.3",
        "prop-types": "^15.5.7"
      }
    }
  }
}
