{
  "name": "@axa-fr/react-toolkit-all",
  "version": "1.3.14",
  "lockfileVersion": 1,
  "requires": true,
  "dependencies": {
    "@axa-fr/react-toolkit-action": {
      "version": "1.2.16",
      "requires": {
        "@axa-fr/react-toolkit-core": "^1.2.16",
        "prop-types": "^15.5.10"
      }
    },
    "@axa-fr/react-toolkit-alert": {
      "version": "1.2.16",
      "requires": {
        "@axa-fr/react-toolkit-core": "^1.2.16",
        "prop-types": "^15.5.10"
      }
    },
    "@axa-fr/react-toolkit-badge": {
      "version": "1.2.16",
      "requires": {
        "@axa-fr/react-toolkit-core": "^1.2.16",
        "prop-types": "^15.5.10"
      }
    },
    "@axa-fr/react-toolkit-button": {
      "version": "1.2.16",
      "requires": {
        "@axa-fr/react-toolkit-core": "^1.2.16",
        "prop-types": "^15.5.10"
      }
    },
    "@axa-fr/react-toolkit-collapse": {
      "version": "1.2.16",
      "requires": {
        "@axa-fr/react-toolkit-core": "^1.2.16",
        "prop-types": "^15.5.10"
      }
    },
    "@axa-fr/react-toolkit-core": {
      "version": "1.2.16",
      "requires": {
        "classnames": "^2.2.6",
        "cuid": "^2.1.1",
        "prop-types": "^15.5.10"
      }
    },
    "@axa-fr/react-toolkit-form-core": {
      "version": "1.2.16",
      "requires": {
        "@axa-fr/react-toolkit-core": "^1.2.16",
        "cuid": "^2.1.3",
        "prop-types": "^15.5.10"
      }
    },
    "@axa-fr/react-toolkit-form-filter": {
      "version": "1.2.16",
      "requires": {
        "@axa-fr/react-toolkit-core": "^1.2.16",
        "prop-types": "^15.5.10"
      }
    },
    "@axa-fr/react-toolkit-form-filter-inline": {
      "version": "1.2.16",
      "requires": {
        "@axa-fr/react-toolkit-core": "^1.2.16",
        "prop-types": "^15.5.10"
      }
    },
    "@axa-fr/react-toolkit-form-input-card": {
      "version": "1.2.16",
      "requires": {
        "@axa-fr/react-toolkit-core": "^1.2.16",
        "@axa-fr/react-toolkit-form-core": "^1.2.16",
        "@axa-fr/react-toolkit-form-input-checkbox": "^1.2.16",
        "@axa-fr/react-toolkit-form-input-radio": "^1.2.16",
        "prop-types": "^15.5.10"
      }
    },
    "@axa-fr/react-toolkit-form-input-checkbox": {
      "version": "1.2.16",
      "requires": {
        "@axa-fr/react-toolkit-core": "^1.2.16",
        "@axa-fr/react-toolkit-form-core": "^1.2.16",
        "prop-types": "^15.5.10"
      }
    },
    "@axa-fr/react-toolkit-form-input-choice": {
      "version": "1.2.16",
      "requires": {
        "@axa-fr/react-toolkit-core": "^1.2.16",
        "@axa-fr/react-toolkit-form-core": "^1.2.16",
        "@axa-fr/react-toolkit-form-input-radio": "^1.2.16",
        "prop-types": "^15.5.10"
      }
    },
    "@axa-fr/react-toolkit-form-input-date": {
      "version": "1.2.16",
      "requires": {
        "@axa-fr/react-toolkit-core": "^1.2.16",
        "@axa-fr/react-toolkit-form-core": "^1.2.16",
        "moment": "^2.23.0",
        "prop-types": "^15.5.10",
        "react-datepicker": "^1.8.0"
      }
    },
    "@axa-fr/react-toolkit-form-input-file": {
      "version": "1.2.16",
      "requires": {
        "@axa-fr/react-toolkit-button": "^1.2.16",
        "@axa-fr/react-toolkit-core": "^1.2.16",
        "@axa-fr/react-toolkit-form-core": "^1.2.16",
        "@axa-fr/react-toolkit-popover": "^1.2.16",
        "prop-types": "^15.5.10",
        "react-dropzone": "^4.2.11"
      }
    },
    "@axa-fr/react-toolkit-form-input-number": {
      "version": "1.2.16",
      "requires": {
        "@axa-fr/react-toolkit-core": "^1.2.16",
        "@axa-fr/react-toolkit-form-core": "^1.2.16",
        "prop-types": "^15.5.10"
      }
    },
    "@axa-fr/react-toolkit-form-input-pass": {
      "version": "1.2.16",
      "requires": {
        "@axa-fr/react-toolkit-core": "^1.2.16",
        "@axa-fr/react-toolkit-form-core": "^1.2.16",
        "moment": "~2.22.2",
        "prop-types": "^15.5.10"
      }
    },
    "@axa-fr/react-toolkit-form-input-radio": {
      "version": "1.2.16",
      "requires": {
        "@axa-fr/react-toolkit-core": "^1.2.16",
        "@axa-fr/react-toolkit-form-core": "^1.2.16",
        "moment": "~2.22.2",
        "prop-types": "^15.5.10"
      }
    },
    "@axa-fr/react-toolkit-form-input-select": {
      "version": "1.2.16",
      "requires": {
        "@axa-fr/react-toolkit-core": "^1.2.16",
        "@axa-fr/react-toolkit-form-core": "^1.2.16",
        "prop-types": "^15.5.10"
      }
    },
    "@axa-fr/react-toolkit-form-input-select-multi": {
      "version": "1.2.16",
      "requires": {
        "@axa-fr/react-toolkit-core": "^1.2.16",
        "@axa-fr/react-toolkit-form-core": "^1.2.16",
        "prop-types": "^15.5.10",
        "react-select": "^2.2.0"
      }
    },
    "@axa-fr/react-toolkit-form-input-slider": {
      "version": "1.2.16",
      "requires": {
        "@axa-fr/react-toolkit-core": "^1.2.16",
        "@axa-fr/react-toolkit-form-core": "^1.2.16",
        "prop-types": "^15.5.10",
        "rc-slider": "^8.6.4"
      }
    },
    "@axa-fr/react-toolkit-form-input-switch": {
      "version": "1.2.16",
      "requires": {
        "@axa-fr/react-toolkit-core": "^1.2.16",
        "@axa-fr/react-toolkit-form-core": "^1.2.16",
        "prop-types": "^15.5.10"
      }
    },
    "@axa-fr/react-toolkit-form-input-text": {
      "version": "1.2.16",
      "requires": {
        "@axa-fr/react-toolkit-core": "^1.2.16",
        "@axa-fr/react-toolkit-form-core": "^1.2.16",
        "prop-types": "^15.5.10"
      }
    },
    "@axa-fr/react-toolkit-form-input-textarea": {
      "version": "1.2.16",
      "requires": {
        "@axa-fr/react-toolkit-core": "^1.2.16",
        "@axa-fr/react-toolkit-form-core": "^1.2.16"
      }
    },
    "@axa-fr/react-toolkit-form-steps": {
      "version": "1.2.16",
      "requires": {
        "@axa-fr/react-toolkit-core": "^1.2.16",
        "prop-types": "^15.5.10"
      }
    },
    "@axa-fr/react-toolkit-form-summary": {
      "version": "1.2.16",
      "requires": {
        "@axa-fr/react-toolkit-alert": "^1.2.16",
        "@axa-fr/react-toolkit-core": "^1.2.16",
        "prop-types": "^15.5.10"
      }
    },
    "@axa-fr/react-toolkit-help": {
      "version": "1.2.16",
      "requires": {
        "@axa-fr/react-toolkit-core": "^1.2.16",
        "@axa-fr/react-toolkit-popover": "^1.2.16",
        "prop-types": "^15.5.10"
      }
    },
    "@axa-fr/react-toolkit-highlight": {
      "version": "1.2.16",
      "requires": {
        "@axa-fr/react-toolkit-action": "^1.2.16",
        "@axa-fr/react-toolkit-core": "^1.2.16",
        "prop-types": "^15.5.10"
      }
    },
    "@axa-fr/react-toolkit-icon": {
      "version": "1.2.16",
      "requires": {
        "@axa-fr/react-toolkit-core": "^1.2.16",
        "prop-types": "^15.5.10"
      }
    },
    "@axa-fr/react-toolkit-layout-footer": {
      "version": "1.2.16",
      "requires": {
        "@axa-fr/react-toolkit-core": "^1.2.16",
        "prop-types": "^15.5.10"
      }
    },
    "@axa-fr/react-toolkit-layout-footer-client": {
      "version": "1.2.16",
      "requires": {
        "@axa-fr/react-toolkit-core": "^1.2.16",
        "prop-types": "^15.5.10"
      }
    },
    "@axa-fr/react-toolkit-layout-header": {
      "version": "1.2.16",
      "requires": {
        "@axa-fr/react-toolkit-action": "^1.2.16",
        "prop-types": "^15.5.10"
      }
    },
    "@axa-fr/react-toolkit-link": {
      "version": "1.2.16",
      "requires": {
        "@axa-fr/react-toolkit-core": "^1.2.16",
        "prop-types": "^15.5.10"
      }
    },
    "@axa-fr/react-toolkit-list": {
      "version": "1.2.16",
      "requires": {
        "@axa-fr/react-toolkit-core": "^1.2.16",
        "prop-types": "^15.5.10"
      }
    },
    "@axa-fr/react-toolkit-loader": {
      "version": "1.2.16",
      "requires": {
        "@axa-fr/react-toolkit-core": "^1.2.16",
        "prop-types": "^15.5.10"
      }
    },
    "@axa-fr/react-toolkit-modal-boolean": {
      "version": "1.2.16",
      "requires": {
        "@axa-fr/react-toolkit-button": "^1.2.16",
        "@axa-fr/react-toolkit-core": "^1.2.16",
        "@axa-fr/react-toolkit-modal-default": "^1.2.16",
        "prop-types": "^15.5.10"
      }
    },
    "@axa-fr/react-toolkit-modal-default": {
      "version": "1.2.16",
      "requires": {
        "@axa-fr/react-toolkit-core": "^1.2.16",
        "prop-types": "^15.5.10",
        "react-modal": "^3.8.1"
      }
    },
    "@axa-fr/react-toolkit-panel": {
      "version": "1.2.16",
      "requires": {
        "@axa-fr/react-toolkit-action": "^1.2.16",
        "@axa-fr/react-toolkit-core": "^1.2.16",
        "prop-types": "^15.5.10"
      }
    },
    "@axa-fr/react-toolkit-popover": {
      "version": "1.2.16",
      "requires": {
        "@axa-fr/react-toolkit-core": "^1.2.16",
        "outy": "^0.1.2",
        "prop-types": "^15.5.10",
        "react-popper": "^1.3.3"
      }
    },
    "@axa-fr/react-toolkit-restitution": {
      "version": "1.2.16",
      "requires": {
        "@axa-fr/react-toolkit-core": "^1.2.16"
      }
    },
    "@axa-fr/react-toolkit-status": {
      "version": "1.2.16",
      "requires": {
        "@axa-fr/react-toolkit-core": "^1.2.16",
        "prop-types": "^15.5.10"
      }
    },
    "@axa-fr/react-toolkit-table": {
      "version": "1.2.16",
      "requires": {
        "@axa-fr/react-toolkit-core": "^1.2.16",
        "prop-types": "^15.5.10"
      }
    },
    "@axa-fr/react-toolkit-tabs": {
      "version": "1.2.16",
      "requires": {
        "@axa-fr/react-toolkit-core": "^1.2.16",
        "classnames": "^2.2.6",
        "prop-types": "^15.5.10"
      }
    },
    "@axa-fr/react-toolkit-title": {
      "version": "1.2.16",
      "requires": {
        "@axa-fr/react-toolkit-core": "^1.2.16",
        "prop-types": "^15.5.10"
      }
    }
  }
}
