{
  "name": "@axa-fr/react-toolkit-all",
  "version": "1.2.16",
  "lockfileVersion": 1,
  "requires": true,
  "dependencies": {
    "@axa-fr/react-toolkit-action": {
      "version": "1.2.16",
      "resolved": "https://afa-nrepo.azure-paas.intraxa/repository/npmjs-group/@axa-fr/react-toolkit-action/-/react-toolkit-action-1.2.16.tgz",
      "integrity": "sha512-yKt6tkQ/VPVpZU6uWV7IRs9obSnRbtCm0k6xq/oP9ztE3Vx/+vyfKzBHksKgqvhdf66VwVk9Ig5X6UrfUAzAHQ==",
      "requires": {
        "@axa-fr/react-toolkit-core": "^1.2.16",
        "prop-types": "^15.5.10",
        "recompose": "^0.27.1"
      },
      "dependencies": {
        "@axa-fr/react-toolkit-core": {
          "version": "1.2.16",
          "resolved": "https://afa-nrepo.azure-paas.intraxa/repository/npmjs-group/@axa-fr/react-toolkit-core/-/react-toolkit-core-1.2.16.tgz",
          "integrity": "sha512-frZjj6VxRH6J/OYKNOVTag4561PvCIs2MVnaDhqrRwGoWWnZmYu+GZb4jehkvQY7c85K7SUwaIKjD0LYrHfNpg==",
          "requires": {
            "classnames": "^2.2.6",
            "cuid": "^2.1.1",
            "prop-types": "^15.5.10",
            "recompose": "^0.27.1"
          }
        }
      }
    },
    "@axa-fr/react-toolkit-alert": {
      "version": "1.2.16",
      "resolved": "https://afa-nrepo.azure-paas.intraxa/repository/npmjs-group/@axa-fr/react-toolkit-alert/-/react-toolkit-alert-1.2.16.tgz",
      "integrity": "sha512-wuJo9+QCg/NTmAH0VqOd1mEcjPxUcKTBhCLOv4dsdIMEUUYCcZpBrjasj1xjlgcWVsmsPLCuNPG/dnWTApyjNA==",
      "requires": {
        "@axa-fr/react-toolkit-core": "^1.2.16",
        "prop-types": "^15.5.10",
        "recompose": "^0.27.1"
      },
      "dependencies": {
        "@axa-fr/react-toolkit-core": {
          "version": "1.2.16",
          "resolved": "https://afa-nrepo.azure-paas.intraxa/repository/npmjs-group/@axa-fr/react-toolkit-core/-/react-toolkit-core-1.2.16.tgz",
          "integrity": "sha512-frZjj6VxRH6J/OYKNOVTag4561PvCIs2MVnaDhqrRwGoWWnZmYu+GZb4jehkvQY7c85K7SUwaIKjD0LYrHfNpg==",
          "requires": {
            "classnames": "^2.2.6",
            "cuid": "^2.1.1",
            "prop-types": "^15.5.10",
            "recompose": "^0.27.1"
          }
        }
      }
    },
    "@axa-fr/react-toolkit-badge": {
      "version": "1.2.16",
      "resolved": "https://afa-nrepo.azure-paas.intraxa/repository/npmjs-group/@axa-fr/react-toolkit-badge/-/react-toolkit-badge-1.2.16.tgz",
      "integrity": "sha512-BO4Y+AAeMviyctRVzB8VQGeJXttdP2qGub/Hy5n9kIf8FzGjHYGRAgr4Hj0u/hnw/X4kqMZfh6FYO10Ozxt7YA==",
      "requires": {
        "@axa-fr/react-toolkit-core": "^1.2.16",
        "prop-types": "^15.5.10",
        "recompose": "^0.27.1"
      },
      "dependencies": {
        "@axa-fr/react-toolkit-core": {
          "version": "1.2.16",
          "resolved": "https://afa-nrepo.azure-paas.intraxa/repository/npmjs-group/@axa-fr/react-toolkit-core/-/react-toolkit-core-1.2.16.tgz",
          "integrity": "sha512-frZjj6VxRH6J/OYKNOVTag4561PvCIs2MVnaDhqrRwGoWWnZmYu+GZb4jehkvQY7c85K7SUwaIKjD0LYrHfNpg==",
          "requires": {
            "classnames": "^2.2.6",
            "cuid": "^2.1.1",
            "prop-types": "^15.5.10",
            "recompose": "^0.27.1"
          }
        }
      }
    },
    "@axa-fr/react-toolkit-button": {
      "version": "1.2.16",
      "resolved": "https://afa-nrepo.azure-paas.intraxa/repository/npmjs-group/@axa-fr/react-toolkit-button/-/react-toolkit-button-1.2.16.tgz",
      "integrity": "sha512-GH6cXqdBQdKIZrUrIwdG4p1/nEFJEm7Qf523NCUkyCvnBxBPSMiLu2Rd3SicHyAsnZwCJssk/mvw5NZ3qkCI4w==",
      "requires": {
        "@axa-fr/react-toolkit-core": "^1.2.16",
        "prop-types": "^15.5.10",
        "recompose": "^0.27.1"
      },
      "dependencies": {
        "@axa-fr/react-toolkit-core": {
          "version": "1.2.16",
          "resolved": "https://afa-nrepo.azure-paas.intraxa/repository/npmjs-group/@axa-fr/react-toolkit-core/-/react-toolkit-core-1.2.16.tgz",
          "integrity": "sha512-frZjj6VxRH6J/OYKNOVTag4561PvCIs2MVnaDhqrRwGoWWnZmYu+GZb4jehkvQY7c85K7SUwaIKjD0LYrHfNpg==",
          "requires": {
            "classnames": "^2.2.6",
            "cuid": "^2.1.1",
            "prop-types": "^15.5.10",
            "recompose": "^0.27.1"
          }
        }
      }
    },
    "@axa-fr/react-toolkit-collapse": {
      "version": "1.2.16",
      "resolved": "https://afa-nrepo.azure-paas.intraxa/repository/npmjs-group/@axa-fr/react-toolkit-collapse/-/react-toolkit-collapse-1.2.16.tgz",
      "integrity": "sha512-CBpy3q5rUmqIq7d3hL4h4l8nfLOEji9WjCtLw7tsvJyVVNywsWYmYJV0UDLHgAcM2I806PYoUvkrKsy8Kxd9yw==",
      "requires": {
        "@axa-fr/react-toolkit-core": "^1.2.16",
        "prop-types": "^15.5.10",
        "recompose": "^0.27.1"
      },
      "dependencies": {
        "@axa-fr/react-toolkit-core": {
          "version": "1.2.16",
          "resolved": "https://afa-nrepo.azure-paas.intraxa/repository/npmjs-group/@axa-fr/react-toolkit-core/-/react-toolkit-core-1.2.16.tgz",
          "integrity": "sha512-frZjj6VxRH6J/OYKNOVTag4561PvCIs2MVnaDhqrRwGoWWnZmYu+GZb4jehkvQY7c85K7SUwaIKjD0LYrHfNpg==",
          "requires": {
            "classnames": "^2.2.6",
            "cuid": "^2.1.1",
            "prop-types": "^15.5.10",
            "recompose": "^0.27.1"
          }
        }
      }
    },
    "@axa-fr/react-toolkit-form-core": {
      "version": "1.2.16",
      "resolved": "https://afa-nrepo.azure-paas.intraxa/repository/npmjs-group/@axa-fr/react-toolkit-form-core/-/react-toolkit-form-core-1.2.16.tgz",
      "integrity": "sha512-DSnA5MogLn6q23WyupIT1p2rSByaMb+xkl7jA8PSQP48lNdpOl5g79NngKYGfojptXHOS/zwwpuFW7cU/VqkJg==",
      "requires": {
        "@axa-fr/react-toolkit-core": "^1.2.16",
        "cuid": "^2.1.3",
        "prop-types": "^15.5.10",
        "recompose": "^0.27.1"
      },
      "dependencies": {
        "@axa-fr/react-toolkit-core": {
          "version": "1.2.16",
          "resolved": "https://afa-nrepo.azure-paas.intraxa/repository/npmjs-group/@axa-fr/react-toolkit-core/-/react-toolkit-core-1.2.16.tgz",
          "integrity": "sha512-frZjj6VxRH6J/OYKNOVTag4561PvCIs2MVnaDhqrRwGoWWnZmYu+GZb4jehkvQY7c85K7SUwaIKjD0LYrHfNpg==",
          "requires": {
            "classnames": "^2.2.6",
            "cuid": "^2.1.1",
            "prop-types": "^15.5.10",
            "recompose": "^0.27.1"
          }
        }
      }
    },
    "@axa-fr/react-toolkit-form-filter": {
      "version": "1.2.16",
      "resolved": "https://afa-nrepo.azure-paas.intraxa/repository/npmjs-group/@axa-fr/react-toolkit-form-filter/-/react-toolkit-form-filter-1.2.16.tgz",
      "integrity": "sha512-LS4HTv2j0hQUx3sL3HRrYSSEt23ziOC95f2e6sxtjg/9OvSm2mg/0ktbme8ii7GiKRYKpyFZD12n2FvDicmpuA==",
      "requires": {
        "@axa-fr/react-toolkit-core": "^1.2.16",
        "prop-types": "^15.5.10",
        "recompose": "^0.27.1"
      },
      "dependencies": {
        "@axa-fr/react-toolkit-core": {
          "version": "1.2.16",
          "resolved": "https://afa-nrepo.azure-paas.intraxa/repository/npmjs-group/@axa-fr/react-toolkit-core/-/react-toolkit-core-1.2.16.tgz",
          "integrity": "sha512-frZjj6VxRH6J/OYKNOVTag4561PvCIs2MVnaDhqrRwGoWWnZmYu+GZb4jehkvQY7c85K7SUwaIKjD0LYrHfNpg==",
          "requires": {
            "classnames": "^2.2.6",
            "cuid": "^2.1.1",
            "prop-types": "^15.5.10",
            "recompose": "^0.27.1"
          }
        }
      }
    },
    "@axa-fr/react-toolkit-form-filter-inline": {
      "version": "1.2.16",
      "resolved": "https://afa-nrepo.azure-paas.intraxa/repository/npmjs-group/@axa-fr/react-toolkit-form-filter-inline/-/react-toolkit-form-filter-inline-1.2.16.tgz",
      "integrity": "sha512-n91wMM69Vjp27igVcOcGYzqFMsou4MC53MuRyxMIiAS8SshuTjlG+UF6r0TpSVwZuUR1QWngwC3VV3lBUBuEtA==",
      "requires": {
        "@axa-fr/react-toolkit-core": "^1.2.16",
        "prop-types": "^15.5.10",
        "recompose": "^0.27.1"
      },
      "dependencies": {
        "@axa-fr/react-toolkit-core": {
          "version": "1.2.16",
          "resolved": "https://afa-nrepo.azure-paas.intraxa/repository/npmjs-group/@axa-fr/react-toolkit-core/-/react-toolkit-core-1.2.16.tgz",
          "integrity": "sha512-frZjj6VxRH6J/OYKNOVTag4561PvCIs2MVnaDhqrRwGoWWnZmYu+GZb4jehkvQY7c85K7SUwaIKjD0LYrHfNpg==",
          "requires": {
            "classnames": "^2.2.6",
            "cuid": "^2.1.1",
            "prop-types": "^15.5.10",
            "recompose": "^0.27.1"
          }
        }
      }
    },
    "@axa-fr/react-toolkit-form-input-card": {
      "version": "1.2.16",
      "resolved": "https://afa-nrepo.azure-paas.intraxa/repository/npmjs-group/@axa-fr/react-toolkit-form-input-card/-/react-toolkit-form-input-card-1.2.16.tgz",
      "integrity": "sha512-LXFKEvMLb3tI/hYP1pZ714jSva14E8oug7bwOrNu8HZEHXWAUyDsO6paJkXU/vIIIBSPkV7FUKIXETYdKTaBbg==",
      "requires": {
        "@axa-fr/react-toolkit-core": "^1.2.16",
        "@axa-fr/react-toolkit-form-core": "^1.2.16",
        "@axa-fr/react-toolkit-form-input-checkbox": "^1.2.16",
        "@axa-fr/react-toolkit-form-input-radio": "^1.2.16",
        "prop-types": "^15.5.10",
        "recompose": "^0.27.1"
      },
      "dependencies": {
        "@axa-fr/react-toolkit-core": {
          "version": "1.2.16",
          "resolved": "https://afa-nrepo.azure-paas.intraxa/repository/npmjs-group/@axa-fr/react-toolkit-core/-/react-toolkit-core-1.2.16.tgz",
          "integrity": "sha512-frZjj6VxRH6J/OYKNOVTag4561PvCIs2MVnaDhqrRwGoWWnZmYu+GZb4jehkvQY7c85K7SUwaIKjD0LYrHfNpg==",
          "requires": {
            "classnames": "^2.2.6",
            "cuid": "^2.1.1",
            "prop-types": "^15.5.10",
            "recompose": "^0.27.1"
          }
        }
      }
    },
    "@axa-fr/react-toolkit-form-input-checkbox": {
      "version": "1.2.16",
      "resolved": "https://afa-nrepo.azure-paas.intraxa/repository/npmjs-group/@axa-fr/react-toolkit-form-input-checkbox/-/react-toolkit-form-input-checkbox-1.2.16.tgz",
      "integrity": "sha512-Px1yhUpzJxVigLmM89M8QLf7s/GrG34vrRamMJm3aMoo1+ZPMbHjicJhpyPPNOxabntP8060QQ8kG8s+p2MljQ==",
      "requires": {
        "@axa-fr/react-toolkit-core": "^1.2.16",
        "@axa-fr/react-toolkit-form-core": "^1.2.16",
        "prop-types": "^15.5.10",
        "recompose": "^0.27.1"
      },
      "dependencies": {
        "@axa-fr/react-toolkit-core": {
          "version": "1.2.16",
          "resolved": "https://afa-nrepo.azure-paas.intraxa/repository/npmjs-group/@axa-fr/react-toolkit-core/-/react-toolkit-core-1.2.16.tgz",
          "integrity": "sha512-frZjj6VxRH6J/OYKNOVTag4561PvCIs2MVnaDhqrRwGoWWnZmYu+GZb4jehkvQY7c85K7SUwaIKjD0LYrHfNpg==",
          "requires": {
            "classnames": "^2.2.6",
            "cuid": "^2.1.1",
            "prop-types": "^15.5.10",
            "recompose": "^0.27.1"
          }
        }
      }
    },
    "@axa-fr/react-toolkit-form-input-choice": {
      "version": "1.2.16",
      "resolved": "https://afa-nrepo.azure-paas.intraxa/repository/npmjs-group/@axa-fr/react-toolkit-form-input-choice/-/react-toolkit-form-input-choice-1.2.16.tgz",
      "integrity": "sha512-ypfsein/2aWfhPCLCHvk+kQ1KiN9GeSO8p1zFspCH+J10jAQpPNOUu4u/H0o5vi0LYucHEU2R0Hy6hFEzq/GXg==",
      "requires": {
        "@axa-fr/react-toolkit-core": "^1.2.16",
        "@axa-fr/react-toolkit-form-core": "^1.2.16",
        "@axa-fr/react-toolkit-form-input-radio": "^1.2.16",
        "prop-types": "^15.5.10",
        "recompose": "^0.27.1"
      },
      "dependencies": {
        "@axa-fr/react-toolkit-core": {
          "version": "1.2.16",
          "resolved": "https://afa-nrepo.azure-paas.intraxa/repository/npmjs-group/@axa-fr/react-toolkit-core/-/react-toolkit-core-1.2.16.tgz",
          "integrity": "sha512-frZjj6VxRH6J/OYKNOVTag4561PvCIs2MVnaDhqrRwGoWWnZmYu+GZb4jehkvQY7c85K7SUwaIKjD0LYrHfNpg==",
          "requires": {
            "classnames": "^2.2.6",
            "cuid": "^2.1.1",
            "prop-types": "^15.5.10",
            "recompose": "^0.27.1"
          }
        }
      }
    },
    "@axa-fr/react-toolkit-form-input-number": {
      "version": "1.2.16",
      "resolved": "https://afa-nrepo.azure-paas.intraxa/repository/npmjs-group/@axa-fr/react-toolkit-form-input-number/-/react-toolkit-form-input-number-1.2.16.tgz",
      "integrity": "sha512-Kg5MUYZu8FlJ0dBl15J6zqDOkjet07GoOW0azdMy1/g0l02ptRbSrRLmAT93zstXeyJAihiToegqiTNAPhq/IQ==",
      "requires": {
        "@axa-fr/react-toolkit-core": "^1.2.16",
        "@axa-fr/react-toolkit-form-core": "^1.2.16",
        "prop-types": "^15.5.10",
        "recompose": "^0.27.1"
      },
      "dependencies": {
        "@axa-fr/react-toolkit-core": {
          "version": "1.2.16",
          "resolved": "https://afa-nrepo.azure-paas.intraxa/repository/npmjs-group/@axa-fr/react-toolkit-core/-/react-toolkit-core-1.2.16.tgz",
          "integrity": "sha512-frZjj6VxRH6J/OYKNOVTag4561PvCIs2MVnaDhqrRwGoWWnZmYu+GZb4jehkvQY7c85K7SUwaIKjD0LYrHfNpg==",
          "requires": {
            "classnames": "^2.2.6",
            "cuid": "^2.1.1",
            "prop-types": "^15.5.10",
            "recompose": "^0.27.1"
          }
        }
      }
    },
    "@axa-fr/react-toolkit-form-input-radio": {
      "version": "1.2.16",
      "resolved": "https://afa-nrepo.azure-paas.intraxa/repository/npmjs-group/@axa-fr/react-toolkit-form-input-radio/-/react-toolkit-form-input-radio-1.2.16.tgz",
      "integrity": "sha512-NfqZTc+MCNMoqi+VLmpxHltkgU3nIg/Xmr6ivVqwdOtzHq5zklG+ieCuV4f2P7fpe42wVrIQ7rnJghB49RnN+g==",
      "requires": {
        "@axa-fr/react-toolkit-core": "^1.2.16",
        "@axa-fr/react-toolkit-form-core": "^1.2.16",
        "moment": "~2.22.2",
        "prop-types": "^15.5.10",
        "recompose": "^0.27.1"
      },
      "dependencies": {
        "@axa-fr/react-toolkit-core": {
          "version": "1.2.16",
          "resolved": "https://afa-nrepo.azure-paas.intraxa/repository/npmjs-group/@axa-fr/react-toolkit-core/-/react-toolkit-core-1.2.16.tgz",
          "integrity": "sha512-frZjj6VxRH6J/OYKNOVTag4561PvCIs2MVnaDhqrRwGoWWnZmYu+GZb4jehkvQY7c85K7SUwaIKjD0LYrHfNpg==",
          "requires": {
            "classnames": "^2.2.6",
            "cuid": "^2.1.1",
            "prop-types": "^15.5.10",
            "recompose": "^0.27.1"
          }
        }
      }
    },
    "@axa-fr/react-toolkit-form-input-select": {
      "version": "1.2.16",
      "resolved": "https://afa-nrepo.azure-paas.intraxa/repository/npmjs-group/@axa-fr/react-toolkit-form-input-select/-/react-toolkit-form-input-select-1.2.16.tgz",
      "integrity": "sha512-Ok2F0rFgB1N2/Z4I+ckBhvw37hFVaFROA3EYYAclUIWcZ3pacF3GGhasraEOTxI7B0or56JBcjmFJG4SjhOjeQ==",
      "requires": {
        "@axa-fr/react-toolkit-core": "^1.2.16",
        "@axa-fr/react-toolkit-form-core": "^1.2.16",
        "prop-types": "^15.5.10",
        "recompose": "^0.27.1"
      },
      "dependencies": {
        "@axa-fr/react-toolkit-core": {
          "version": "1.2.16",
          "resolved": "https://afa-nrepo.azure-paas.intraxa/repository/npmjs-group/@axa-fr/react-toolkit-core/-/react-toolkit-core-1.2.16.tgz",
          "integrity": "sha512-frZjj6VxRH6J/OYKNOVTag4561PvCIs2MVnaDhqrRwGoWWnZmYu+GZb4jehkvQY7c85K7SUwaIKjD0LYrHfNpg==",
          "requires": {
            "classnames": "^2.2.6",
            "cuid": "^2.1.1",
            "prop-types": "^15.5.10",
            "recompose": "^0.27.1"
          }
        }
      }
    },
    "@axa-fr/react-toolkit-form-input-switch": {
      "version": "1.2.16",
      "resolved": "https://afa-nrepo.azure-paas.intraxa/repository/npmjs-group/@axa-fr/react-toolkit-form-input-switch/-/react-toolkit-form-input-switch-1.2.16.tgz",
      "integrity": "sha512-UxH1OyAOaOnzOZlSxYsiSnkNG8BlXoE3ezs8rP9WkIxnwOIdZ7fAkMa31PSI3qZsDMczSbktU2uQF4UBumaA8w==",
      "requires": {
        "@axa-fr/react-toolkit-core": "^1.2.16",
        "@axa-fr/react-toolkit-form-core": "^1.2.16",
        "prop-types": "^15.5.10",
        "recompose": "^0.27.1"
      },
      "dependencies": {
        "@axa-fr/react-toolkit-core": {
          "version": "1.2.16",
          "resolved": "https://afa-nrepo.azure-paas.intraxa/repository/npmjs-group/@axa-fr/react-toolkit-core/-/react-toolkit-core-1.2.16.tgz",
          "integrity": "sha512-frZjj6VxRH6J/OYKNOVTag4561PvCIs2MVnaDhqrRwGoWWnZmYu+GZb4jehkvQY7c85K7SUwaIKjD0LYrHfNpg==",
          "requires": {
            "classnames": "^2.2.6",
            "cuid": "^2.1.1",
            "prop-types": "^15.5.10",
            "recompose": "^0.27.1"
          }
        }
      }
    },
    "@axa-fr/react-toolkit-form-input-text": {
      "version": "1.2.16",
      "resolved": "https://afa-nrepo.azure-paas.intraxa/repository/npmjs-group/@axa-fr/react-toolkit-form-input-text/-/react-toolkit-form-input-text-1.2.16.tgz",
      "integrity": "sha512-UszxWcX2sl7wldBRlVf6nSw5tRFZ6hTGa3GN17oA2/pjI5lZxqxPEcozP8G/3IjdbW4C8y4exKfzPz5k8VCrOg==",
      "requires": {
        "@axa-fr/react-toolkit-core": "^1.2.16",
        "@axa-fr/react-toolkit-form-core": "^1.2.16",
        "prop-types": "^15.5.10",
        "recompose": "^0.27.1"
      },
      "dependencies": {
        "@axa-fr/react-toolkit-core": {
          "version": "1.2.16",
          "resolved": "https://afa-nrepo.azure-paas.intraxa/repository/npmjs-group/@axa-fr/react-toolkit-core/-/react-toolkit-core-1.2.16.tgz",
          "integrity": "sha512-frZjj6VxRH6J/OYKNOVTag4561PvCIs2MVnaDhqrRwGoWWnZmYu+GZb4jehkvQY7c85K7SUwaIKjD0LYrHfNpg==",
          "requires": {
            "classnames": "^2.2.6",
            "cuid": "^2.1.1",
            "prop-types": "^15.5.10",
            "recompose": "^0.27.1"
          }
        }
      }
    },
    "@axa-fr/react-toolkit-form-steps": {
      "version": "1.2.16",
      "resolved": "https://afa-nrepo.azure-paas.intraxa/repository/npmjs-group/@axa-fr/react-toolkit-form-steps/-/react-toolkit-form-steps-1.2.16.tgz",
      "integrity": "sha512-ag22GhEqzVPkoT9Stel22oDKQ+YVXE9lxaJMEXzOnJA0oy4W16kKg6K2zdvRvqR/lYdLJPIowJgtW4qh1OHQ3A==",
      "requires": {
        "@axa-fr/react-toolkit-core": "^1.2.16",
        "prop-types": "^15.5.10",
        "recompose": "^0.27.1"
      },
      "dependencies": {
        "@axa-fr/react-toolkit-core": {
          "version": "1.2.16",
          "resolved": "https://afa-nrepo.azure-paas.intraxa/repository/npmjs-group/@axa-fr/react-toolkit-core/-/react-toolkit-core-1.2.16.tgz",
          "integrity": "sha512-frZjj6VxRH6J/OYKNOVTag4561PvCIs2MVnaDhqrRwGoWWnZmYu+GZb4jehkvQY7c85K7SUwaIKjD0LYrHfNpg==",
          "requires": {
            "classnames": "^2.2.6",
            "cuid": "^2.1.1",
            "prop-types": "^15.5.10",
            "recompose": "^0.27.1"
          }
        }
      }
    },
    "@axa-fr/react-toolkit-form-summary": {
      "version": "1.2.16",
      "resolved": "https://afa-nrepo.azure-paas.intraxa/repository/npmjs-group/@axa-fr/react-toolkit-form-summary/-/react-toolkit-form-summary-1.2.16.tgz",
      "integrity": "sha512-rbIDLdunG3rrk+J45lT03b1RsvrAsthO68v4Vp3kPKCtJ1TGe4yTyDPhkSciK2uK/VUalY6MlzE46zx/kqOtng==",
      "requires": {
        "@axa-fr/react-toolkit-alert": "^1.2.16",
        "@axa-fr/react-toolkit-core": "^1.2.16",
        "prop-types": "^15.5.10",
        "recompose": "^0.27.1"
      },
      "dependencies": {
        "@axa-fr/react-toolkit-core": {
          "version": "1.2.16",
          "resolved": "https://afa-nrepo.azure-paas.intraxa/repository/npmjs-group/@axa-fr/react-toolkit-core/-/react-toolkit-core-1.2.16.tgz",
          "integrity": "sha512-frZjj6VxRH6J/OYKNOVTag4561PvCIs2MVnaDhqrRwGoWWnZmYu+GZb4jehkvQY7c85K7SUwaIKjD0LYrHfNpg==",
          "requires": {
            "classnames": "^2.2.6",
            "cuid": "^2.1.1",
            "prop-types": "^15.5.10",
            "recompose": "^0.27.1"
          }
        }
      }
    },
    "@axa-fr/react-toolkit-help": {
      "version": "1.2.16",
      "resolved": "https://afa-nrepo.azure-paas.intraxa/repository/npmjs-group/@axa-fr/react-toolkit-help/-/react-toolkit-help-1.2.16.tgz",
      "integrity": "sha512-LLjMlp06pRU9kG+F0b/lQz23dKG9GOZL3i/e9H9rllGB7QQazoC5YxFa2biTet2vsv6kuEJuXM/SrlL7MMAcQQ==",
      "requires": {
        "@axa-fr/react-toolkit-core": "^1.2.16",
        "@axa-fr/react-toolkit-popover": "^1.2.16",
        "prop-types": "^15.5.10",
        "recompose": "^0.27.1"
      },
      "dependencies": {
        "@axa-fr/react-toolkit-core": {
          "version": "1.2.16",
          "resolved": "https://afa-nrepo.azure-paas.intraxa/repository/npmjs-group/@axa-fr/react-toolkit-core/-/react-toolkit-core-1.2.16.tgz",
          "integrity": "sha512-frZjj6VxRH6J/OYKNOVTag4561PvCIs2MVnaDhqrRwGoWWnZmYu+GZb4jehkvQY7c85K7SUwaIKjD0LYrHfNpg==",
          "requires": {
            "classnames": "^2.2.6",
            "cuid": "^2.1.1",
            "prop-types": "^15.5.10",
            "recompose": "^0.27.1"
          }
        }
      }
    },
    "@axa-fr/react-toolkit-highlight": {
      "version": "1.2.16",
      "resolved": "https://afa-nrepo.azure-paas.intraxa/repository/npmjs-group/@axa-fr/react-toolkit-highlight/-/react-toolkit-highlight-1.2.16.tgz",
      "integrity": "sha512-8M1G/VmxuMcZbLYAtw+94K8QnbaGTmENDQMdNqk6kpSF/hn7Sjo1/H7ExPv8vLR47Fc1sHp/nOTRFCl+ZeVShQ==",
      "requires": {
        "@axa-fr/react-toolkit-action": "^1.2.16",
        "@axa-fr/react-toolkit-core": "^1.2.16",
        "prop-types": "^15.5.10",
        "recompose": "^0.27.1"
      },
      "dependencies": {
        "@axa-fr/react-toolkit-core": {
          "version": "1.2.16",
          "resolved": "https://afa-nrepo.azure-paas.intraxa/repository/npmjs-group/@axa-fr/react-toolkit-core/-/react-toolkit-core-1.2.16.tgz",
          "integrity": "sha512-frZjj6VxRH6J/OYKNOVTag4561PvCIs2MVnaDhqrRwGoWWnZmYu+GZb4jehkvQY7c85K7SUwaIKjD0LYrHfNpg==",
          "requires": {
            "classnames": "^2.2.6",
            "cuid": "^2.1.1",
            "prop-types": "^15.5.10",
            "recompose": "^0.27.1"
          }
        }
      }
    },
    "@axa-fr/react-toolkit-icon": {
      "version": "1.2.16",
      "resolved": "https://afa-nrepo.azure-paas.intraxa/repository/npmjs-group/@axa-fr/react-toolkit-icon/-/react-toolkit-icon-1.2.16.tgz",
      "integrity": "sha512-Vec39D1aISOION0+EIzmJsiIAd7iX7oVVADqpHSFzZ1Zp3kGM1zTTH3A2TgsrUVxWgiGT5PP8qh2e65fN1Kxpw==",
      "requires": {
        "@axa-fr/react-toolkit-core": "^1.2.16",
        "prop-types": "^15.5.10",
        "recompose": "^0.27.1"
      },
      "dependencies": {
        "@axa-fr/react-toolkit-core": {
          "version": "1.2.16",
          "resolved": "https://afa-nrepo.azure-paas.intraxa/repository/npmjs-group/@axa-fr/react-toolkit-core/-/react-toolkit-core-1.2.16.tgz",
          "integrity": "sha512-frZjj6VxRH6J/OYKNOVTag4561PvCIs2MVnaDhqrRwGoWWnZmYu+GZb4jehkvQY7c85K7SUwaIKjD0LYrHfNpg==",
          "requires": {
            "classnames": "^2.2.6",
            "cuid": "^2.1.1",
            "prop-types": "^15.5.10",
            "recompose": "^0.27.1"
          }
        }
      }
    },
    "@axa-fr/react-toolkit-layout-footer": {
      "version": "1.2.16",
      "resolved": "https://afa-nrepo.azure-paas.intraxa/repository/npmjs-group/@axa-fr/react-toolkit-layout-footer/-/react-toolkit-layout-footer-1.2.16.tgz",
      "integrity": "sha512-8ReW7Pzn0rfPEZjFpPXq8VxsUQ3lMA83U0kuRsMFph96iKehEocx7EKDDmI32hbB3HTL5WmojigliIwS/IvYmw==",
      "requires": {
        "@axa-fr/react-toolkit-core": "^1.2.16",
        "prop-types": "^15.5.10",
        "recompose": "^0.27.1"
      },
      "dependencies": {
        "@axa-fr/react-toolkit-core": {
          "version": "1.2.16",
          "resolved": "https://afa-nrepo.azure-paas.intraxa/repository/npmjs-group/@axa-fr/react-toolkit-core/-/react-toolkit-core-1.2.16.tgz",
          "integrity": "sha512-frZjj6VxRH6J/OYKNOVTag4561PvCIs2MVnaDhqrRwGoWWnZmYu+GZb4jehkvQY7c85K7SUwaIKjD0LYrHfNpg==",
          "requires": {
            "classnames": "^2.2.6",
            "cuid": "^2.1.1",
            "prop-types": "^15.5.10",
            "recompose": "^0.27.1"
          }
        }
      }
    },
    "@axa-fr/react-toolkit-layout-footer-client": {
      "version": "1.2.16",
      "resolved": "https://afa-nrepo.azure-paas.intraxa/repository/npmjs-group/@axa-fr/react-toolkit-layout-footer-client/-/react-toolkit-layout-footer-client-1.2.16.tgz",
      "integrity": "sha512-2vib0a9znHM4hjvXDv8jA/cNoOVGWgMfQnT0FhERXZfKAphZVZQmEPvP2reUqU6XD9OjbYvBXvfpeXbW6GAEIg==",
      "requires": {
        "@axa-fr/react-toolkit-core": "^1.2.16",
        "prop-types": "^15.5.10",
        "recompose": "^0.27.1"
      },
      "dependencies": {
        "@axa-fr/react-toolkit-core": {
          "version": "1.2.16",
          "resolved": "https://afa-nrepo.azure-paas.intraxa/repository/npmjs-group/@axa-fr/react-toolkit-core/-/react-toolkit-core-1.2.16.tgz",
          "integrity": "sha512-frZjj6VxRH6J/OYKNOVTag4561PvCIs2MVnaDhqrRwGoWWnZmYu+GZb4jehkvQY7c85K7SUwaIKjD0LYrHfNpg==",
          "requires": {
            "classnames": "^2.2.6",
            "cuid": "^2.1.1",
            "prop-types": "^15.5.10",
            "recompose": "^0.27.1"
          }
        }
      }
    },
    "@axa-fr/react-toolkit-layout-header": {
      "version": "1.2.16",
      "resolved": "https://afa-nrepo.azure-paas.intraxa/repository/npmjs-group/@axa-fr/react-toolkit-layout-header/-/react-toolkit-layout-header-1.2.16.tgz",
      "integrity": "sha512-GQjodLsGcciQ+gskcR+6Hwuf5ajcWIFTS0H3NI7IOyTgJ7bDCmz3CjHYRssZvnVUvkBDA9i/XIcC4kgVyvzw0g==",
      "requires": {
        "@axa-fr/react-toolkit-action": "^1.2.16",
        "@axa-fr/react-toolkit-core": "^1.2.16",
        "prop-types": "^15.5.10",
        "recompose": "^0.27.1"
      },
      "dependencies": {
        "@axa-fr/react-toolkit-core": {
          "version": "1.2.16",
          "resolved": "https://afa-nrepo.azure-paas.intraxa/repository/npmjs-group/@axa-fr/react-toolkit-core/-/react-toolkit-core-1.2.16.tgz",
          "integrity": "sha512-frZjj6VxRH6J/OYKNOVTag4561PvCIs2MVnaDhqrRwGoWWnZmYu+GZb4jehkvQY7c85K7SUwaIKjD0LYrHfNpg==",
          "requires": {
            "classnames": "^2.2.6",
            "cuid": "^2.1.1",
            "prop-types": "^15.5.10",
            "recompose": "^0.27.1"
          }
        }
      }
    },
    "@axa-fr/react-toolkit-link": {
      "version": "1.2.16",
      "resolved": "https://afa-nrepo.azure-paas.intraxa/repository/npmjs-group/@axa-fr/react-toolkit-link/-/react-toolkit-link-1.2.16.tgz",
      "integrity": "sha512-ZsWuxFKKqvrge9PjqcFDJmbDrR7yxKR+0Oj9TiD/7ejcPKnrPenL14rWpKnhDUFsoRJIOYRYZEhoxlZnoTkwiQ==",
      "requires": {
        "@axa-fr/react-toolkit-core": "^1.2.16",
        "prop-types": "^15.5.10",
        "recompose": "^0.27.1"
      },
      "dependencies": {
        "@axa-fr/react-toolkit-core": {
          "version": "1.2.16",
          "resolved": "https://afa-nrepo.azure-paas.intraxa/repository/npmjs-group/@axa-fr/react-toolkit-core/-/react-toolkit-core-1.2.16.tgz",
          "integrity": "sha512-frZjj6VxRH6J/OYKNOVTag4561PvCIs2MVnaDhqrRwGoWWnZmYu+GZb4jehkvQY7c85K7SUwaIKjD0LYrHfNpg==",
          "requires": {
            "classnames": "^2.2.6",
            "cuid": "^2.1.1",
            "prop-types": "^15.5.10",
            "recompose": "^0.27.1"
          }
        }
      }
    },
    "@axa-fr/react-toolkit-list": {
      "version": "1.2.16",
      "resolved": "https://afa-nrepo.azure-paas.intraxa/repository/npmjs-group/@axa-fr/react-toolkit-list/-/react-toolkit-list-1.2.16.tgz",
      "integrity": "sha512-BXnNRwzZjSb/DWTLL14P09eFgdCXAuy6D5wBidlXL2Ju3foGGmLmzQMJ7r3BOsttWHTg8LUwscdykM9XDvRAUw==",
      "requires": {
        "@axa-fr/react-toolkit-core": "^1.2.16",
        "prop-types": "^15.5.10",
        "recompose": "^0.27.1"
      },
      "dependencies": {
        "@axa-fr/react-toolkit-core": {
          "version": "1.2.16",
          "resolved": "https://afa-nrepo.azure-paas.intraxa/repository/npmjs-group/@axa-fr/react-toolkit-core/-/react-toolkit-core-1.2.16.tgz",
          "integrity": "sha512-frZjj6VxRH6J/OYKNOVTag4561PvCIs2MVnaDhqrRwGoWWnZmYu+GZb4jehkvQY7c85K7SUwaIKjD0LYrHfNpg==",
          "requires": {
            "classnames": "^2.2.6",
            "cuid": "^2.1.1",
            "prop-types": "^15.5.10",
            "recompose": "^0.27.1"
          }
        }
      }
    },
    "@axa-fr/react-toolkit-loader": {
      "version": "1.2.16",
      "resolved": "https://afa-nrepo.azure-paas.intraxa/repository/npmjs-group/@axa-fr/react-toolkit-loader/-/react-toolkit-loader-1.2.16.tgz",
      "integrity": "sha512-6XvR4KMtUKKJIWAXeWW2qvxn7uylJz1ki4WAT4YIIm9kGlXrnkeOoN118kYQkDUI+YsPxYfmMNcR9xW+yyJXUg==",
      "requires": {
        "@axa-fr/react-toolkit-core": "^1.2.16",
        "prop-types": "^15.5.10",
        "recompose": "^0.27.1"
      },
      "dependencies": {
        "@axa-fr/react-toolkit-core": {
          "version": "1.2.16",
          "resolved": "https://afa-nrepo.azure-paas.intraxa/repository/npmjs-group/@axa-fr/react-toolkit-core/-/react-toolkit-core-1.2.16.tgz",
          "integrity": "sha512-frZjj6VxRH6J/OYKNOVTag4561PvCIs2MVnaDhqrRwGoWWnZmYu+GZb4jehkvQY7c85K7SUwaIKjD0LYrHfNpg==",
          "requires": {
            "classnames": "^2.2.6",
            "cuid": "^2.1.1",
            "prop-types": "^15.5.10",
            "recompose": "^0.27.1"
          }
        }
      }
    },
    "@axa-fr/react-toolkit-modal-boolean": {
      "version": "1.2.16",
      "resolved": "https://afa-nrepo.azure-paas.intraxa/repository/npmjs-group/@axa-fr/react-toolkit-modal-boolean/-/react-toolkit-modal-boolean-1.2.16.tgz",
      "integrity": "sha512-cGS/bEm+ie/9WsKIPGUiwYs5PBTlugf9C0Vc7xa8Ajh7tpJ6Rdvn+tdEPcPtz3Ap2UxugcZsBk8XJWa1tyqOiA==",
      "requires": {
        "@axa-fr/react-toolkit-button": "^1.2.16",
        "@axa-fr/react-toolkit-core": "^1.2.16",
        "@axa-fr/react-toolkit-modal-default": "^1.2.16",
        "prop-types": "^15.5.10",
        "recompose": "^0.27.1"
      },
      "dependencies": {
        "@axa-fr/react-toolkit-core": {
          "version": "1.2.16",
          "resolved": "https://afa-nrepo.azure-paas.intraxa/repository/npmjs-group/@axa-fr/react-toolkit-core/-/react-toolkit-core-1.2.16.tgz",
          "integrity": "sha512-frZjj6VxRH6J/OYKNOVTag4561PvCIs2MVnaDhqrRwGoWWnZmYu+GZb4jehkvQY7c85K7SUwaIKjD0LYrHfNpg==",
          "requires": {
            "classnames": "^2.2.6",
            "cuid": "^2.1.1",
            "prop-types": "^15.5.10",
            "recompose": "^0.27.1"
          }
        },
        "@axa-fr/react-toolkit-modal-default": {
          "version": "1.2.16",
          "resolved": "https://afa-nrepo.azure-paas.intraxa/repository/npmjs-group/@axa-fr/react-toolkit-modal-default/-/react-toolkit-modal-default-1.2.16.tgz",
          "integrity": "sha512-UDw7mDEy+1DuAqNfrJrbFYh3Bkre3ize5iHAQnSvfNqi5tP3krNRPztZeJBjtLxjeqo7eqYEsTkGDnSRLBr2GA==",
          "requires": {
            "@axa-fr/react-toolkit-core": "^1.2.16",
            "prop-types": "^15.5.10",
            "react-modal": "^3.8.1",
            "recompose": "^0.27.1"
          }
        }
      }
    },
    "@axa-fr/react-toolkit-panel": {
      "version": "1.2.16",
      "resolved": "https://afa-nrepo.azure-paas.intraxa/repository/npmjs-group/@axa-fr/react-toolkit-panel/-/react-toolkit-panel-1.2.16.tgz",
      "integrity": "sha512-XRhCkt9pfj4l0dYWKoVU+Lj2LsxjZI7LyrAkp5JyeG6Oxxn6OGz4GGZOfKCKpbFhZ8oL1LdPnOCUYPd0BDCFGw==",
      "requires": {
        "@axa-fr/react-toolkit-action": "^1.2.16",
        "@axa-fr/react-toolkit-core": "^1.2.16",
        "prop-types": "^15.5.10",
        "recompose": "^0.27.1"
      },
      "dependencies": {
        "@axa-fr/react-toolkit-core": {
          "version": "1.2.16",
          "resolved": "https://afa-nrepo.azure-paas.intraxa/repository/npmjs-group/@axa-fr/react-toolkit-core/-/react-toolkit-core-1.2.16.tgz",
          "integrity": "sha512-frZjj6VxRH6J/OYKNOVTag4561PvCIs2MVnaDhqrRwGoWWnZmYu+GZb4jehkvQY7c85K7SUwaIKjD0LYrHfNpg==",
          "requires": {
            "classnames": "^2.2.6",
            "cuid": "^2.1.1",
            "prop-types": "^15.5.10",
            "recompose": "^0.27.1"
          }
        }
      }
    },
    "@axa-fr/react-toolkit-popover": {
      "version": "1.2.16",
      "resolved": "https://afa-nrepo.azure-paas.intraxa/repository/npmjs-group/@axa-fr/react-toolkit-popover/-/react-toolkit-popover-1.2.16.tgz",
      "integrity": "sha512-VNkycCkEj+3kYPV7qc0eIKttbpAEHaQwBL3v2AOU1LR8DCNUhavr94GI1vo972ZCRunRt6SYKsjsUXoF27cGIA==",
      "requires": {
        "@axa-fr/react-toolkit-core": "^1.2.16",
        "outy": "^0.1.2",
        "prop-types": "^15.5.10",
        "react-popper": "^1.3.3",
        "recompose": "^0.27.1"
      },
      "dependencies": {
        "@axa-fr/react-toolkit-core": {
          "version": "1.2.16",
          "resolved": "https://afa-nrepo.azure-paas.intraxa/repository/npmjs-group/@axa-fr/react-toolkit-core/-/react-toolkit-core-1.2.16.tgz",
          "integrity": "sha512-frZjj6VxRH6J/OYKNOVTag4561PvCIs2MVnaDhqrRwGoWWnZmYu+GZb4jehkvQY7c85K7SUwaIKjD0LYrHfNpg==",
          "requires": {
            "classnames": "^2.2.6",
            "cuid": "^2.1.1",
            "prop-types": "^15.5.10",
            "recompose": "^0.27.1"
          }
        }
      }
    },
    "@axa-fr/react-toolkit-status": {
      "version": "1.2.16",
      "resolved": "https://afa-nrepo.azure-paas.intraxa/repository/npmjs-group/@axa-fr/react-toolkit-status/-/react-toolkit-status-1.2.16.tgz",
      "integrity": "sha512-t5RHl5mIKviFn43VQnwl5lxVozYjP/d2kvCapGZFhIgJhcG1Wao+LawGR0eusq6PZCzcBYUVxCSQ3JC0LUbE/Q==",
      "requires": {
        "@axa-fr/react-toolkit-core": "^1.2.16",
        "prop-types": "^15.5.10",
        "recompose": "^0.27.1"
      },
      "dependencies": {
        "@axa-fr/react-toolkit-core": {
          "version": "1.2.16",
          "resolved": "https://afa-nrepo.azure-paas.intraxa/repository/npmjs-group/@axa-fr/react-toolkit-core/-/react-toolkit-core-1.2.16.tgz",
          "integrity": "sha512-frZjj6VxRH6J/OYKNOVTag4561PvCIs2MVnaDhqrRwGoWWnZmYu+GZb4jehkvQY7c85K7SUwaIKjD0LYrHfNpg==",
          "requires": {
            "classnames": "^2.2.6",
            "cuid": "^2.1.1",
            "prop-types": "^15.5.10",
            "recompose": "^0.27.1"
          }
        }
      }
    },
    "@axa-fr/react-toolkit-table": {
      "version": "1.2.16",
      "resolved": "https://afa-nrepo.azure-paas.intraxa/repository/npmjs-group/@axa-fr/react-toolkit-table/-/react-toolkit-table-1.2.16.tgz",
      "integrity": "sha512-enUevlIDneCI5eYTOzPQlfAIrwuSNGrmxpDTg02nOi1KMp9AU3ktxj5t9RCep9V0m7RLW3ij2a5HjGebTRoc8A==",
      "requires": {
        "@axa-fr/react-toolkit-core": "^1.2.16",
        "prop-types": "^15.5.10",
        "recompose": "^0.27.1"
      },
      "dependencies": {
        "@axa-fr/react-toolkit-core": {
          "version": "1.2.16",
          "resolved": "https://afa-nrepo.azure-paas.intraxa/repository/npmjs-group/@axa-fr/react-toolkit-core/-/react-toolkit-core-1.2.16.tgz",
          "integrity": "sha512-frZjj6VxRH6J/OYKNOVTag4561PvCIs2MVnaDhqrRwGoWWnZmYu+GZb4jehkvQY7c85K7SUwaIKjD0LYrHfNpg==",
          "requires": {
            "classnames": "^2.2.6",
            "cuid": "^2.1.1",
            "prop-types": "^15.5.10",
            "recompose": "^0.27.1"
          }
        }
      }
    },
    "@axa-fr/react-toolkit-title": {
      "version": "1.2.16",
      "resolved": "https://afa-nrepo.azure-paas.intraxa/repository/npmjs-group/@axa-fr/react-toolkit-title/-/react-toolkit-title-1.2.16.tgz",
      "integrity": "sha512-+qkSywoWQop9nrLJ+/HVv0dpQfM2TfMy+73eb85o3XF/MXkgJbYkes+HccmqL+1Wwg9T4IKj2gCIn+SeH1fEPA==",
      "requires": {
        "@axa-fr/react-toolkit-core": "^1.2.16",
        "prop-types": "^15.5.10",
        "recompose": "^0.27.1"
      },
      "dependencies": {
        "@axa-fr/react-toolkit-core": {
          "version": "1.2.16",
          "resolved": "https://afa-nrepo.azure-paas.intraxa/repository/npmjs-group/@axa-fr/react-toolkit-core/-/react-toolkit-core-1.2.16.tgz",
          "integrity": "sha512-frZjj6VxRH6J/OYKNOVTag4561PvCIs2MVnaDhqrRwGoWWnZmYu+GZb4jehkvQY7c85K7SUwaIKjD0LYrHfNpg==",
          "requires": {
            "classnames": "^2.2.6",
            "cuid": "^2.1.1",
            "prop-types": "^15.5.10",
            "recompose": "^0.27.1"
          }
        }
      }
    },
    "@babel/runtime": {
      "version": "7.7.2",
      "resolved": "https://afa-nrepo.azure-paas.intraxa/repository/npmjs-group/@babel/runtime/-/runtime-7.7.2.tgz",
      "integrity": "sha512-JONRbXbTXc9WQE2mAZd1p0Z3DZ/6vaQIkgYMSTP3KjRCyd7rCZCcfhCyX+YjwcKxcZ82UrxbRD358bpExNgrjw==",
      "requires": {
        "regenerator-runtime": "^0.13.2"
      },
      "dependencies": {
        "regenerator-runtime": {
          "version": "0.13.3",
          "resolved": "https://afa-nrepo.azure-paas.intraxa/repository/npmjs-group/regenerator-runtime/-/regenerator-runtime-0.13.3.tgz",
          "integrity": "sha512-naKIZz2GQ8JWh///G7L3X6LaQUAMp2lvb1rvwwsURe/VXwD6VMfr+/1NuNw3ag8v2kY1aQ/go5SNn79O9JU7yw=="
        }
      }
    },
    "asap": {
      "version": "2.0.6",
      "resolved": "https://registry.npmjs.org/asap/-/asap-2.0.6.tgz",
      "integrity": "sha1-5QNHYR1+aQlDIIu9r+vLwvuGbUY="
    },
    "babel-runtime": {
      "version": "6.26.0",
      "resolved": "https://registry.npmjs.org/babel-runtime/-/babel-runtime-6.26.0.tgz",
      "integrity": "sha1-llxwWGaOgrVde/4E/yM3vItWR/4=",
      "requires": {
        "core-js": "^2.4.0",
        "regenerator-runtime": "^0.11.0"
      }
    },
    "change-emitter": {
      "version": "0.1.6",
      "resolved": "https://registry.npmjs.org/change-emitter/-/change-emitter-0.1.6.tgz",
      "integrity": "sha1-6LL+PX8at9aaMhma/5HqaTFAlRU="
    },
    "classnames": {
      "version": "2.2.6",
      "resolved": "https://registry.npmjs.org/classnames/-/classnames-2.2.6.tgz",
      "integrity": "sha512-JR/iSQOSt+LQIWwrwEzJ9uk0xfN3mTVYMwt1Ir5mUcSN6pU+V4zQFFaJsclJbPuAUQH+yfWef6tm7l1quW3C8Q=="
    },
    "core-js": {
      "version": "2.6.5",
      "resolved": "https://registry.npmjs.org/core-js/-/core-js-2.6.5.tgz",
      "integrity": "sha512-klh/kDpwX8hryYL14M9w/xei6vrv6sE8gTHDG7/T/+SEovB/G4ejwcfE/CBzO6Edsu+OETZMZ3wcX/EjUkrl5A=="
    },
    "create-react-context": {
      "version": "0.3.0",
      "resolved": "https://afa-nrepo.azure-paas.intraxa/repository/npmjs-group/create-react-context/-/create-react-context-0.3.0.tgz",
      "integrity": "sha512-dNldIoSuNSvlTJ7slIKC/ZFGKexBMBrrcc+TTe1NdmROnaASuLPvqpwj9v4XS4uXZ8+YPu0sNmShX2rXI5LNsw==",
      "requires": {
        "gud": "^1.0.0",
        "warning": "^4.0.3"
      }
    },
    "cuid": {
      "version": "2.1.6",
      "resolved": "https://registry.npmjs.org/cuid/-/cuid-2.1.6.tgz",
      "integrity": "sha512-ZFp7PS6cSYMJNch9fc3tyHdE4T8TDo3Y5qAxb0KSA9mpiYDo7z9ql1CznFuuzxea9STVIDy0tJWm2lYiX2ZU1Q=="
    },
    "encoding": {
      "version": "0.1.12",
      "resolved": "https://registry.npmjs.org/encoding/-/encoding-0.1.12.tgz",
      "integrity": "sha1-U4tm8+5izRq1HsMjgp0flIDHS+s=",
      "requires": {
        "iconv-lite": "~0.4.13"
      }
    },
    "exenv": {
      "version": "1.2.2",
      "resolved": "https://registry.npmjs.org/exenv/-/exenv-1.2.2.tgz",
      "integrity": "sha1-KueOhdmJQVhnCwPUe+wfA72Ru50="
    },
    "fbjs": {
      "version": "0.8.17",
      "resolved": "https://registry.npmjs.org/fbjs/-/fbjs-0.8.17.tgz",
      "integrity": "sha1-xNWY6taUkRJlPWWIsBpc3Nn5D90=",
      "requires": {
        "core-js": "^1.0.0",
        "isomorphic-fetch": "^2.1.1",
        "loose-envify": "^1.0.0",
        "object-assign": "^4.1.0",
        "promise": "^7.1.1",
        "setimmediate": "^1.0.5",
        "ua-parser-js": "^0.7.18"
      },
      "dependencies": {
        "core-js": {
          "version": "1.2.7",
          "resolved": "https://registry.npmjs.org/core-js/-/core-js-1.2.7.tgz",
          "integrity": "sha1-ZSKUwUZR2yj6k70tX/KYOk8IxjY="
        }
      }
    },
    "gud": {
      "version": "1.0.0",
      "resolved": "https://afa-nrepo.azure-paas.intraxa/repository/npmjs-group/gud/-/gud-1.0.0.tgz",
      "integrity": "sha512-zGEOVKFM5sVPPrYs7J5/hYEw2Pof8KCyOwyhG8sAF26mCAeUFAcYPu1mwB7hhpIP29zOIBaDqwuHdLp0jvZXjw=="
    },
    "hoist-non-react-statics": {
      "version": "2.5.5",
      "resolved": "https://registry.npmjs.org/hoist-non-react-statics/-/hoist-non-react-statics-2.5.5.tgz",
      "integrity": "sha512-rqcy4pJo55FTTLWt+bU8ukscqHeE/e9KWvsOW2b/a3afxQZhwkQdT1rPPCJ0rYXdj4vNcasY8zHTH+jF/qStxw=="
    },
    "iconv-lite": {
      "version": "0.4.24",
      "resolved": "https://registry.npmjs.org/iconv-lite/-/iconv-lite-0.4.24.tgz",
      "integrity": "sha512-v3MXnZAcvnywkTUEZomIActle7RXXeedOR31wwl7VlyoXO4Qi9arvSenNQWne1TcRwhCL1HwLI21bEqdpj8/rA==",
      "requires": {
        "safer-buffer": ">= 2.1.2 < 3"
      }
    },
    "is-stream": {
      "version": "1.1.0",
      "resolved": "https://registry.npmjs.org/is-stream/-/is-stream-1.1.0.tgz",
      "integrity": "sha1-EtSj3U5o4Lec6428hBc66A2RykQ="
    },
    "isomorphic-fetch": {
      "version": "2.2.1",
      "resolved": "https://registry.npmjs.org/isomorphic-fetch/-/isomorphic-fetch-2.2.1.tgz",
      "integrity": "sha1-YRrhrPFPXoH3KVB0coGf6XM1WKk=",
      "requires": {
        "node-fetch": "^1.0.1",
        "whatwg-fetch": ">=0.10.0"
      }
    },
    "js-tokens": {
      "version": "4.0.0",
      "resolved": "https://registry.npmjs.org/js-tokens/-/js-tokens-4.0.0.tgz",
      "integrity": "sha512-RdJUflcE3cUzKiMqQgsCu06FPu9UdIJO0beYbPhHN4k6apgJtifcoCtT9bcxOpYBtpD2kCM6Sbzg4CausW/PKQ=="
    },
    "loose-envify": {
      "version": "1.4.0",
      "resolved": "https://registry.npmjs.org/loose-envify/-/loose-envify-1.4.0.tgz",
      "integrity": "sha512-lyuxPGr/Wfhrlem2CL/UcnUc1zcqKAImBDzukY7Y5F/yQiNdko6+fRLevlw1HgMySw7f611UIY408EtxRSoK3Q==",
      "requires": {
        "js-tokens": "^3.0.0 || ^4.0.0"
      }
    },
    "moment": {
      "version": "2.22.2",
      "resolved": "https://afa-nrepo.azure-paas.intraxa/repository/npmjs-group/moment/-/moment-2.22.2.tgz",
      "integrity": "sha1-PCV/mDn8DpP/UxSWMiOeuQeD/2Y="
    },
    "node-fetch": {
      "version": "1.7.3",
      "resolved": "https://registry.npmjs.org/node-fetch/-/node-fetch-1.7.3.tgz",
      "integrity": "sha512-NhZ4CsKx7cYm2vSrBAr2PvFOe6sWDf0UYLRqA6svUYg7+/TSfVAu49jYC4BvQ4Sms9SZgdqGBgroqfDhJdTyKQ==",
      "requires": {
        "encoding": "^0.1.11",
        "is-stream": "^1.0.1"
      }
    },
    "object-assign": {
      "version": "4.1.1",
      "resolved": "https://registry.npmjs.org/object-assign/-/object-assign-4.1.1.tgz",
      "integrity": "sha1-IQmtx5ZYh8/AXLvUQsrIv7s2CGM="
    },
    "outy": {
      "version": "0.1.2",
      "resolved": "https://afa-nrepo.azure-paas.intraxa/repository/npmjs-group/outy/-/outy-0.1.2.tgz",
      "integrity": "sha1-WY05XkP5LlLZiq3/I7cqPnEotXI="
    },
    "popper.js": {
      "version": "1.16.0",
      "resolved": "https://afa-nrepo.azure-paas.intraxa/repository/npmjs-group/popper.js/-/popper.js-1.16.0.tgz",
      "integrity": "sha512-+G+EkOPoE5S/zChTpmBSSDYmhXJ5PsW8eMhH8cP/CQHMFPBG/kC9Y5IIw6qNYgdJ+/COf0ddY2li28iHaZRSjw=="
    },
    "promise": {
      "version": "7.3.1",
      "resolved": "https://registry.npmjs.org/promise/-/promise-7.3.1.tgz",
      "integrity": "sha512-nolQXZ/4L+bP/UGlkfaIujX9BKxGwmQ9OT4mOt5yvy8iK1h3wqTEJCijzGANTCCl9nWjY41juyAn2K3Q1hLLTg==",
      "requires": {
        "asap": "~2.0.3"
      }
    },
    "prop-types": {
      "version": "15.7.2",
      "resolved": "https://registry.npmjs.org/prop-types/-/prop-types-15.7.2.tgz",
      "integrity": "sha512-8QQikdH7//R2vurIJSutZ1smHYTcLpRWEOlHnzcWHmBYrOGUysKwSsrC89BCiFj3CbrfJ/nXFdJepOVrY1GCHQ==",
      "requires": {
        "loose-envify": "^1.4.0",
        "object-assign": "^4.1.1",
        "react-is": "^16.8.1"
      }
    },
    "react-is": {
      "version": "16.8.6",
      "resolved": "https://registry.npmjs.org/react-is/-/react-is-16.8.6.tgz",
      "integrity": "sha512-aUk3bHfZ2bRSVFFbbeVS4i+lNPZr3/WM5jT2J5omUVV1zzcs1nAaf3l51ctA5FFvCRbhrH0bdAsRRQddFJZPtA=="
    },
    "react-lifecycles-compat": {
      "version": "3.0.4",
      "resolved": "https://registry.npmjs.org/react-lifecycles-compat/-/react-lifecycles-compat-3.0.4.tgz",
      "integrity": "sha512-fBASbA6LnOU9dOU2eW7aQ8xmYBSXUIWr+UmF9b1efZBazGNO+rcXT/icdKnYm2pTwcRylVUYwW7H1PHfLekVzA=="
    },
    "react-modal": {
      "version": "3.8.1",
      "resolved": "https://registry.npmjs.org/react-modal/-/react-modal-3.8.1.tgz",
      "integrity": "sha512-aLKeZM9pgXpIKVwopRHMuvqKWiBajkqisDA8UzocdCF6S4fyKVfLWmZR5G1Q0ODBxxxxf2XIwiCP8G/11GJAuw==",
      "requires": {
        "exenv": "^1.2.0",
        "prop-types": "^15.5.10",
        "react-lifecycles-compat": "^3.0.0",
        "warning": "^3.0.0"
      },
      "dependencies": {
        "warning": {
          "version": "3.0.0",
          "resolved": "https://registry.npmjs.org/warning/-/warning-3.0.0.tgz",
          "integrity": "sha1-MuU3fLVy3kqwR1O9+IIcAe1gW3w=",
          "requires": {
            "loose-envify": "^1.0.0"
          }
        }
      }
    },
    "react-popper": {
      "version": "1.3.6",
      "resolved": "https://afa-nrepo.azure-paas.intraxa/repository/npmjs-group/react-popper/-/react-popper-1.3.6.tgz",
      "integrity": "sha512-kLTfa9z8n+0jJvRVal9+vIuirg41rObg4Bbrvv/ZfsGPQDN9reyVVSxqnHF1ZNgXgV7x11PeUfd5ItF8DZnqhg==",
      "requires": {
        "@babel/runtime": "^7.1.2",
        "create-react-context": "^0.3.0",
        "popper.js": "^1.14.4",
        "prop-types": "^15.6.1",
        "typed-styles": "^0.0.7",
        "warning": "^4.0.2"
      }
    },
    "recompose": {
      "version": "0.27.1",
      "resolved": "https://registry.npmjs.org/recompose/-/recompose-0.27.1.tgz",
      "integrity": "sha512-p7xsyi/rfNjHfdP7vPU02uSFa+Q1eHhjKrvO+3+kRP4Ortj+MxEmpmd+UQtBGM2D2iNAjzNI5rCyBKp9Ob5McA==",
      "requires": {
        "babel-runtime": "^6.26.0",
        "change-emitter": "^0.1.2",
        "fbjs": "^0.8.1",
        "hoist-non-react-statics": "^2.3.1",
        "react-lifecycles-compat": "^3.0.2",
        "symbol-observable": "^1.0.4"
      }
    },
    "regenerator-runtime": {
      "version": "0.11.1",
      "resolved": "https://registry.npmjs.org/regenerator-runtime/-/regenerator-runtime-0.11.1.tgz",
      "integrity": "sha512-MguG95oij0fC3QV3URf4V2SDYGJhJnJGqvIIgdECeODCT98wSWDAJ94SSuVpYQUoTcGUIL6L4yNB7j1DFFHSBg=="
    },
    "safer-buffer": {
      "version": "2.1.2",
      "resolved": "https://registry.npmjs.org/safer-buffer/-/safer-buffer-2.1.2.tgz",
      "integrity": "sha512-YZo3K82SD7Riyi0E1EQPojLz7kpepnSQI9IyPbHHg1XXXevb5dJI7tpyN2ADxGcQbHG7vcyRHk0cbwqcQriUtg=="
    },
    "setimmediate": {
      "version": "1.0.5",
      "resolved": "https://registry.npmjs.org/setimmediate/-/setimmediate-1.0.5.tgz",
      "integrity": "sha1-KQy7Iy4waULX1+qbg3Mqt4VvgoU="
    },
    "symbol-observable": {
      "version": "1.2.0",
      "resolved": "https://registry.npmjs.org/symbol-observable/-/symbol-observable-1.2.0.tgz",
      "integrity": "sha512-e900nM8RRtGhlV36KGEU9k65K3mPb1WV70OdjfxlG2EAuM1noi/E/BaW/uMhL7bPEssK8QV57vN3esixjUvcXQ=="
    },
    "typed-styles": {
      "version": "0.0.7",
      "resolved": "https://afa-nrepo.azure-paas.intraxa/repository/npmjs-group/typed-styles/-/typed-styles-0.0.7.tgz",
      "integrity": "sha512-pzP0PWoZUhsECYjABgCGQlRGL1n7tOHsgwYv3oIiEpJwGhFTuty/YNeduxQYzXXa3Ge5BdT6sHYIQYpl4uJ+5Q=="
    },
    "ua-parser-js": {
      "version": "0.7.19",
      "resolved": "https://registry.npmjs.org/ua-parser-js/-/ua-parser-js-0.7.19.tgz",
      "integrity": "sha512-T3PVJ6uz8i0HzPxOF9SWzWAlfN/DavlpQqepn22xgve/5QecC+XMCAtmUNnY7C9StehaV6exjUCI801lOI7QlQ=="
    },
    "warning": {
      "version": "4.0.3",
      "resolved": "https://afa-nrepo.azure-paas.intraxa/repository/npmjs-group/warning/-/warning-4.0.3.tgz",
      "integrity": "sha512-rpJyN222KWIvHJ/F53XSZv0Zl/accqHR8et1kpaMTD/fLCRxtV8iX8czMzY7sVZupTI3zcUTg8eycS2kNF9l6w==",
      "requires": {
        "loose-envify": "^1.0.0"
      }
    },
    "whatwg-fetch": {
      "version": "3.0.0",
      "resolved": "https://registry.npmjs.org/whatwg-fetch/-/whatwg-fetch-3.0.0.tgz",
      "integrity": "sha512-9GSJUgz1D4MfyKU7KRqwOjXCXTqWdFNvEr7eUBYchQiVc744mqK/MzXPNR2WsPkmkOa4ywfg8C2n8h+13Bey1Q=="
    }
  }
}
